<?xml version="1.0" encoding="utf-8"?>
<Project ToolsVersion="16.0" xmlns="http://schemas.microsoft.com/developer/msbuild/2003">
  <ItemGroup>
    <ClCompile Include="D:\my document\MYVSCODE\MYVSCODE_ON_WINDOWS\C++\Project\Demo\src\main.cpp">
      <Filter>Source Files</Filter>
    </ClCompile>
    <ClCompile Include="D:\my document\MYVSCODE\MYVSCODE_ON_WINDOWS\C++\Project\Demo\src\test1.cpp">
      <Filter>Source Files</Filter>
    </ClCompile>
  </ItemGroup>
  <ItemGroup>
    <CustomBuild Include="D:\my document\MYVSCODE\MYVSCODE_ON_WINDOWS\C++\Project\Demo\src\CMakeLists.txt" />
  </ItemGroup>
  <ItemGroup>
    <Filter Include="Source Files">
      <UniqueIdentifier>{1CEA51E8-B0EF-3A38-9BD7-67DA8CC64CA8}</UniqueIdentifier>
    </Filter>
  </ItemGroup>
</Project>
